{
  "name": "geoip-qqwry",
  "version": "0.0.4",
  "lockfileVersion": 1,
  "requires": true,
  "dependencies": {
    "fast-gbk": {
      "version": "0.0.1",
      "resolved": "https://registry.npmjs.org/fast-gbk/-/fast-gbk-0.0.1.tgz",
      "integrity": "sha512-s5ch0mNkCcQDF/7QancIgeed8aYoWDc07b747dPE5yB1kysQ4TUxHExfw7Jv+RrasMr1EoJnBjshOmu96ms72Q=="
    }
  }
}
